{
  "name": "filesystem-kit",
  "version": "3.0.0",
  "lockfileVersion": 3,
  "requires": true,
  "packages": {
    "": {
      "name": "filesystem-kit",
      "version": "3.0.0",
      "license": "MIT",
      "bin": {
        "fsk": "src/cli.js"
      },
      "engines": {
        "node": ">=20"
      }
    }
  }
}
